
Microsoft Visual Studio Solution File, Format Version 12.00
# Visual Studio 14
VisualStudioVersion = 14.0.24720.0
MinimumVisualStudioVersion = 10.0.40219.1
Project("{2150E333-8FDC-42A3-9474-1A3956D46DE8}") = "src", "src", "{B45E3C2E-18AA-4E5A-AEE5-2409A1C4D467}"
EndProject
Project("{2150E333-8FDC-42A3-9474-1A3956D46DE8}") = "Solution Items", "Solution Items", "{846806D0-DB7E-4F10-912D-1B1373473D04}"
	ProjectSection(SolutionItems) = preProject
		global.json = global.json
	EndProjectSection
EndProject
Project("{8BB2217D-0F2D-49D1-97BC-3654ED321F3B}") = "WebVaanoli", "src\WebVaanoli\WebVaanoli.xproj", "{AA613498-9C96-46B4-9D54-7BC889AC0769}"
EndProject
Project("{2150E333-8FDC-42A3-9474-1A3956D46DE8}") = "test", "test", "{554BCE4E-6D98-4C45-B011-5EC6C60787B0}"
EndProject
Project("{8BB2217D-0F2D-49D1-97BC-3654ED321F3B}") = "WebVaanoli.Tests", "test\WebVaanoli.Tests\WebVaanoli.Tests.xproj", "{2C4771A2-5B24-4075-8A25-21B3D3A19D9D}"
EndProject
Project("{8BB2217D-0F2D-49D1-97BC-3654ED321F3B}") = "WebVaanoli.Domain", "src\WebVaanoli.Domain\WebVaanoli.Domain.xproj", "{BC69C52D-141E-4EA7-ACF1-C30C2CF31A8A}"
EndProject
Project("{8BB2217D-0F2D-49D1-97BC-3654ED321F3B}") = "WebVaanoli.Data", "src\WebVaanoli.Data\WebVaanoli.Data.xproj", "{A51DBB1A-493D-4126-BAB2-EC8D41E60D62}"
EndProject
Project("{8BB2217D-0F2D-49D1-97BC-3654ED321F3B}") = "WebVaanoli.Common", "src\WebVaanoli.Common\WebVaanoli.Common.xproj", "{212796E4-7C82-42C6-B966-6EA04F6502F2}"
EndProject
Project("{8BB2217D-0F2D-49D1-97BC-3654ED321F3B}") = "WebVaanoli.Data.Tests", "test\WebVaanoli.Data.Tests\WebVaanoli.Data.Tests.xproj", "{E47A519A-EA92-4FDF-9DD4-31CBAB271CE5}"
EndProject
Global
	GlobalSection(SolutionConfigurationPlatforms) = preSolution
		Debug|Any CPU = Debug|Any CPU
		Release|Any CPU = Release|Any CPU
	EndGlobalSection
	GlobalSection(ProjectConfigurationPlatforms) = postSolution
		{AA613498-9C96-46B4-9D54-7BC889AC0769}.Debug|Any CPU.ActiveCfg = Debug|Any CPU
		{AA613498-9C96-46B4-9D54-7BC889AC0769}.Debug|Any CPU.Build.0 = Debug|Any CPU
		{AA613498-9C96-46B4-9D54-7BC889AC0769}.Release|Any CPU.ActiveCfg = Release|Any CPU
		{AA613498-9C96-46B4-9D54-7BC889AC0769}.Release|Any CPU.Build.0 = Release|Any CPU
		{2C4771A2-5B24-4075-8A25-21B3D3A19D9D}.Debug|Any CPU.ActiveCfg = Debug|Any CPU
		{2C4771A2-5B24-4075-8A25-21B3D3A19D9D}.Debug|Any CPU.Build.0 = Debug|Any CPU
		{2C4771A2-5B24-4075-8A25-21B3D3A19D9D}.Release|Any CPU.ActiveCfg = Release|Any CPU
		{2C4771A2-5B24-4075-8A25-21B3D3A19D9D}.Release|Any CPU.Build.0 = Release|Any CPU
		{BC69C52D-141E-4EA7-ACF1-C30C2CF31A8A}.Debug|Any CPU.ActiveCfg = Debug|Any CPU
		{BC69C52D-141E-4EA7-ACF1-C30C2CF31A8A}.Debug|Any CPU.Build.0 = Debug|Any CPU
		{BC69C52D-141E-4EA7-ACF1-C30C2CF31A8A}.Release|Any CPU.ActiveCfg = Release|Any CPU
		{BC69C52D-141E-4EA7-ACF1-C30C2CF31A8A}.Release|Any CPU.Build.0 = Release|Any CPU
		{A51DBB1A-493D-4126-BAB2-EC8D41E60D62}.Debug|Any CPU.ActiveCfg = Debug|Any CPU
		{A51DBB1A-493D-4126-BAB2-EC8D41E60D62}.Debug|Any CPU.Build.0 = Debug|Any CPU
		{A51DBB1A-493D-4126-BAB2-EC8D41E60D62}.Release|Any CPU.ActiveCfg = Release|Any CPU
		{A51DBB1A-493D-4126-BAB2-EC8D41E60D62}.Release|Any CPU.Build.0 = Release|Any CPU
		{212796E4-7C82-42C6-B966-6EA04F6502F2}.Debug|Any CPU.ActiveCfg = Debug|Any CPU
		{212796E4-7C82-42C6-B966-6EA04F6502F2}.Debug|Any CPU.Build.0 = Debug|Any CPU
		{212796E4-7C82-42C6-B966-6EA04F6502F2}.Release|Any CPU.ActiveCfg = Release|Any CPU
		{212796E4-7C82-42C6-B966-6EA04F6502F2}.Release|Any CPU.Build.0 = Release|Any CPU
		{E47A519A-EA92-4FDF-9DD4-31CBAB271CE5}.Debug|Any CPU.ActiveCfg = Debug|Any CPU
		{E47A519A-EA92-4FDF-9DD4-31CBAB271CE5}.Debug|Any CPU.Build.0 = Debug|Any CPU
		{E47A519A-EA92-4FDF-9DD4-31CBAB271CE5}.Release|Any CPU.ActiveCfg = Release|Any CPU
		{E47A519A-EA92-4FDF-9DD4-31CBAB271CE5}.Release|Any CPU.Build.0 = Release|Any CPU
	EndGlobalSection
	GlobalSection(SolutionProperties) = preSolution
		HideSolutionNode = FALSE
	EndGlobalSection
	GlobalSection(NestedProjects) = preSolution
		{AA613498-9C96-46B4-9D54-7BC889AC0769} = {B45E3C2E-18AA-4E5A-AEE5-2409A1C4D467}
		{2C4771A2-5B24-4075-8A25-21B3D3A19D9D} = {554BCE4E-6D98-4C45-B011-5EC6C60787B0}
		{BC69C52D-141E-4EA7-ACF1-C30C2CF31A8A} = {B45E3C2E-18AA-4E5A-AEE5-2409A1C4D467}
		{A51DBB1A-493D-4126-BAB2-EC8D41E60D62} = {B45E3C2E-18AA-4E5A-AEE5-2409A1C4D467}
		{212796E4-7C82-42C6-B966-6EA04F6502F2} = {B45E3C2E-18AA-4E5A-AEE5-2409A1C4D467}
		{E47A519A-EA92-4FDF-9DD4-31CBAB271CE5} = {554BCE4E-6D98-4C45-B011-5EC6C60787B0}
	EndGlobalSection
EndGlobal
